# This file is automatically @generated by Poetry 2.0.1 and should not be changed by hand.

[[package]]
name = "asgiref"
version = "3.8.1"
description = "ASGI specs, helper code, and adapters"
optional = false
python-versions = ">=3.8"
groups = ["main"]
files = [
    {file = "asgiref-3.8.1-py3-none-any.whl", hash = "sha256:3e1e3ecc849832fe52ccf2cb6686b7a55f82bb1d6aee72a58826471390335e47"},
    {file = "asgiref-3.8.1.tar.gz", hash = "sha256:c343bd80a0bec947a9860adb4c432ffa7db769836c64238fc34bdc3fec84d590"},
]

[package.dependencies]
typing-extensions = {version = ">=4", markers = "python_version < \"3.11\""}

[package.extras]
tests = ["mypy (>=0.800)", "pytest", "pytest-asyncio"]

[[package]]
name = "crispy-bootstrap5"
version = "2024.10"
description = "Bootstrap5 template pack for django-crispy-forms"
optional = false
python-versions = ">=3.8"
groups = ["main"]
files = [
    {file = "crispy_bootstrap5-2024.10-py3-none-any.whl", hash = "sha256:59e91dac5e45a8c954af3fbcaa6804cd5aef4402f027af2f99a352b096c4016f"},
    {file = "crispy_bootstrap5-2024.10.tar.gz", hash = "sha256:55b442fe675dd95ad280123c7fe464f454186e90b8e5642e751f436c87627c44"},
]

[package.dependencies]
django = ">=4.2"
django-crispy-forms = ">=2.3"

[package.extras]
test = ["pytest", "pytest-django"]

[[package]]
name = "django"
version = "5.1.7"
description = "A high-level Python web framework that encourages rapid development and clean, pragmatic design."
optional = false
python-versions = ">=3.10"
groups = ["main"]
files = [
    {file = "Django-5.1.7-py3-none-any.whl", hash = "sha256:1323617cb624add820cb9611cdcc788312d250824f92ca6048fda8625514af2b"},
    {file = "Django-5.1.7.tar.gz", hash = "sha256:30de4ee43a98e5d3da36a9002f287ff400b43ca51791920bfb35f6917bfe041c"},
]

[package.dependencies]
asgiref = ">=3.8.1,<4"
sqlparse = ">=0.3.1"
tzdata = {version = "*", markers = "sys_platform == \"win32\""}

[package.extras]
argon2 = ["argon2-cffi (>=19.1.0)"]
bcrypt = ["bcrypt"]

[[package]]
name = "django-crispy-forms"
version = "2.3"
description = "Best way to have Django DRY forms"
optional = false
python-versions = ">=3.8"
groups = ["main"]
files = [
    {file = "django_crispy_forms-2.3-py3-none-any.whl", hash = "sha256:efc4c31e5202bbec6af70d383a35e12fc80ea769d464fb0e7fe21768bb138a20"},
    {file = "django_crispy_forms-2.3.tar.gz", hash = "sha256:2db17ae08527201be1273f0df789e5f92819e23dd28fec69cffba7f3762e1a38"},
]

[package.dependencies]
django = ">=4.2"

[[package]]
name = "gunicorn"
version = "23.0.0"
description = "WSGI HTTP Server for UNIX"
optional = false
python-versions = ">=3.7"
groups = ["main"]
files = [
    {file = "gunicorn-23.0.0-py3-none-any.whl", hash = "sha256:ec400d38950de4dfd418cff8328b2c8faed0edb0d517d3394e457c317908ca4d"},
    {file = "gunicorn-23.0.0.tar.gz", hash = "sha256:f014447a0101dc57e294f6c18ca6b40227a4c90e9bdb586042628030cba004ec"},
]

[package.dependencies]
packaging = "*"

[package.extras]
eventlet = ["eventlet (>=0.24.1,!=0.36.0)"]
gevent = ["gevent (>=1.4.0)"]
setproctitle = ["setproctitle"]
testing = ["coverage", "eventlet", "gevent", "pytest", "pytest-cov"]
tornado = ["tornado (>=0.2)"]

[[package]]
name = "logbook"
version = "1.8.1"
description = "A logging replacement for Python"
optional = false
python-versions = ">=3.9"
groups = ["main"]
files = [
    {file = "logbook-1.8.1-cp310-cp310-macosx_10_9_universal2.whl", hash = "sha256:6af33504897244833a99596b5e938c018125e8cb1d061b56536b37aa8f8cfb04"},
    {file = "logbook-1.8.1-cp310-cp310-macosx_10_9_x86_64.whl", hash = "sha256:32d1d5bd60edeced76832eec1b6cd97aa0eb1948f2f05333a21cb34361f00e68"},
    {file = "logbook-1.8.1-cp310-cp310-macosx_11_0_arm64.whl", hash = "sha256:5fc87db3bddbec7fc60ca980c1d610b91b0a2bdbca80b73fe7ee9ae36dea3e05"},
    {file = "logbook-1.8.1-cp310-cp310-manylinux_2_17_x86_64.manylinux2014_x86_64.whl", hash = "sha256:dca5277818c273d16e094fde89ac71dde132a1d6dbd3e15ed1f219c220feb952"},
    {file = "logbook-1.8.1-cp310-cp310-musllinux_1_2_x86_64.whl", hash = "sha256:942d2d689e0c845a28e01bb5d63b5e0d681cbd4562bd932b6963f5103c02f60e"},
    {file = "logbook-1.8.1-cp310-cp310-win32.whl", hash = "sha256:d4263a589662ca3f83e30a0a1a46659c0c680fbf7447be3f42d56406c18e3426"},
    {file = "logbook-1.8.1-cp310-cp310-win_amd64.whl", hash = "sha256:a84fe78f743586fd853f5f7543b2fb623a620c551d52af081aa7036f2baa76cb"},
    {file = "logbook-1.8.1-cp311-cp311-macosx_10_9_universal2.whl", hash = "sha256:f9aefd9e456a64236c5a0516df00c6c9a654ab27b1d2f1227326c3b24bc3c285"},
    {file = "logbook-1.8.1-cp311-cp311-macosx_10_9_x86_64.whl", hash = "sha256:c218ec203603182dda08a04b850c7baf249ce6f4d11a746ebcf1862892ab007b"},
    {file = "logbook-1.8.1-cp311-cp311-macosx_11_0_arm64.whl", hash = "sha256:a42cff837831b7509c2e54e39f71e489763266bd6d4afa29d89f6f1fdd9ca1cc"},
    {file = "logbook-1.8.1-cp311-cp311-manylinux_2_17_x86_64.manylinux2014_x86_64.whl", hash = "sha256:3c1b47fa2af7f04314e28e1bb6c1dae3dcc1944ac0ce64ec969eff5dc809848b"},
    {file = "logbook-1.8.1-cp311-cp311-musllinux_1_2_x86_64.whl", hash = "sha256:ad0f935eb9330f6d7154613e5c7dd9a8ca0c1b700c1e4824bc0d71e37fbe9281"},
    {file = "logbook-1.8.1-cp311-cp311-win32.whl", hash = "sha256:dd062935d30f4b7fd36f470f11a50988d325eafff5fcd1345a94617d472bdbf6"},
    {file = "logbook-1.8.1-cp311-cp311-win_amd64.whl", hash = "sha256:432102b278f6b086fa7ba045343238b151974327a9daec751914eb534535e082"},
    {file = "logbook-1.8.1-cp312-cp312-macosx_10_13_universal2.whl", hash = "sha256:cae13a3f616027c558b76e34039c262d117ad4cb9064506ec8f29466eb03e76e"},
    {file = "logbook-1.8.1-cp312-cp312-macosx_10_13_x86_64.whl", hash = "sha256:c88eec448e23e79b889dc1548a767fecf0b0f37f5270c753fee113f2af2bb2a8"},
    {file = "logbook-1.8.1-cp312-cp312-macosx_11_0_arm64.whl", hash = "sha256:db3e6fa563f1ddc711cac8af2d3fe2a9301dd27e723afe691528161e89c0756a"},
    {file = "logbook-1.8.1-cp312-cp312-manylinux_2_5_x86_64.manylinux1_x86_64.manylinux_2_17_x86_64.manylinux2014_x86_64.whl", hash = "sha256:27aefba2d67b9c3d752d3b03db24d5747a483f8585312d8fc534447c1a94f9e5"},
    {file = "logbook-1.8.1-cp312-cp312-musllinux_1_2_x86_64.whl", hash = "sha256:8f2bc17673831e5efd9f232317950b360f04d6c8c737f6cac2a239428bedefe0"},
    {file = "logbook-1.8.1-cp312-cp312-win32.whl", hash = "sha256:3d206ceb1f505518ae87daa9313d67264013075fcfb354fcdfddded3be0baa2b"},
    {file = "logbook-1.8.1-cp312-cp312-win_amd64.whl", hash = "sha256:e35c6122a1decaf1c9e9cb0e12b8fada82c5f2bc84dee99cb83ba024998b8a2e"},
    {file = "logbook-1.8.1-cp313-cp313-macosx_10_13_universal2.whl", hash = "sha256:d094397b624aa70656a8575230fd9b8373dd9c978dfc912691e5227cb3c804fc"},
    {file = "logbook-1.8.1-cp313-cp313-macosx_10_13_x86_64.whl", hash = "sha256:a4d30983ac1dce2f09d9acbf86ecf78696158148354162faff26c575b3a52ec7"},
    {file = "logbook-1.8.1-cp313-cp313-macosx_11_0_arm64.whl", hash = "sha256:a6c0d52293645aa46b2edfe7da8d61cf7839955d4ccf073c615972b55a44cefc"},
    {file = "logbook-1.8.1-cp313-cp313-manylinux_2_5_x86_64.manylinux1_x86_64.manylinux_2_17_x86_64.manylinux2014_x86_64.whl", hash = "sha256:95e7a7ba8610f0fd49e04e8cd2ac986d9e27cf1d232633d46563de1e0aeadacb"},
    {file = "logbook-1.8.1-cp313-cp313-musllinux_1_2_x86_64.whl", hash = "sha256:2ee8107845319fc0f974a86af8b029b555a1488616c979ba42245c18278178af"},
    {file = "logbook-1.8.1-cp313-cp313-win32.whl", hash = "sha256:db7213329c72f85d78d3c806d30c31b4e76c9da72eea98be4f986f581fd18ed9"},
    {file = "logbook-1.8.1-cp313-cp313-win_amd64.whl", hash = "sha256:084265d5ccf48c9259b49477bbf30913f405c2812b96f739d5feebea828cc275"},
    {file = "logbook-1.8.1-cp39-cp39-macosx_10_9_universal2.whl", hash = "sha256:6cff3c08eb8ea69aef545967d40021807b96d24097a3f7bdf01e62c7831ee4e1"},
    {file = "logbook-1.8.1-cp39-cp39-macosx_10_9_x86_64.whl", hash = "sha256:8f014540a52ac2ac47195d4bbd41d72e938049b31104b291295d1f0c78ced6b2"},
    {file = "logbook-1.8.1-cp39-cp39-macosx_11_0_arm64.whl", hash = "sha256:bc3a0155d9baee138be8163b50af7bb127560e7259939a84b54c27b8e21734ab"},
    {file = "logbook-1.8.1-cp39-cp39-manylinux_2_17_x86_64.manylinux2014_x86_64.whl", hash = "sha256:6075277b4593116018620c3669b743a121bef0bf6b900f2c93085ec1afc03136"},
    {file = "logbook-1.8.1-cp39-cp39-musllinux_1_2_x86_64.whl", hash = "sha256:5997282b4a9e93f723bbf0a073536d0e271f28f04e4ec5e4dc33e993b97db9cd"},
    {file = "logbook-1.8.1-cp39-cp39-win32.whl", hash = "sha256:426919de534dc908e42f0bfd71fb1700e0a7d14ff4d08f1f949444c28162c3c3"},
    {file = "logbook-1.8.1-cp39-cp39-win_amd64.whl", hash = "sha256:85f88f25116cad0748fa326bccf2826451a0d6bc67ead6302d7011e17524373a"},
    {file = "logbook-1.8.1.tar.gz", hash = "sha256:221e6f884f035fffd77935802ab47dc0a3aa7c833010cd7b51354649a7eb462d"},
]

[package.extras]
all = ["Logbook[compression,execnet,jinja,nteventlog,redis,sqlalchemy,zmq]"]
compression = ["brotli"]
dev = ["Logbook[test]", "tox (>=4)"]
docs = ["Sphinx (>=5)"]
execnet = ["execnet (>=1.0.9)"]
jinja = ["Jinja2"]
nteventlog = ["pywin32"]
redis = ["redis"]
sqlalchemy = ["sqlalchemy (>=1.4)"]
test = ["pytest (>=6)", "pytest-rerunfailures"]
zmq = ["pyzmq"]

[[package]]
name = "packaging"
version = "24.2"
description = "Core utilities for Python packages"
optional = false
python-versions = ">=3.8"
groups = ["main"]
files = [
    {file = "packaging-24.2-py3-none-any.whl", hash = "sha256:09abb1bccd265c01f4a3aa3f7a7db064b36514d2cba19a2f694fe6150451a759"},
    {file = "packaging-24.2.tar.gz", hash = "sha256:c228a6dc5e932d346bc5739379109d49e8853dd8223571c7c5b55260edc0b97f"},
]

[[package]]
name = "python-dotenv"
version = "1.1.0"
description = "Read key-value pairs from a .env file and set them as environment variables"
optional = false
python-versions = ">=3.9"
groups = ["main"]
files = [
    {file = "python_dotenv-1.1.0-py3-none-any.whl", hash = "sha256:d7c01d9e2293916c18baf562d95698754b0dbbb5e74d457c45d4f6561fb9d55d"},
    {file = "python_dotenv-1.1.0.tar.gz", hash = "sha256:41f90bc6f5f177fb41f53e87666db362025010eb28f60a01c9143bfa33a2b2d5"},
]

[package.extras]
cli = ["click (>=5.0)"]

[[package]]
name = "sqlparse"
version = "0.5.3"
description = "A non-validating SQL parser."
optional = false
python-versions = ">=3.8"
groups = ["main"]
files = [
    {file = "sqlparse-0.5.3-py3-none-any.whl", hash = "sha256:cf2196ed3418f3ba5de6af7e82c694a9fbdbfecccdfc72e281548517081f16ca"},
    {file = "sqlparse-0.5.3.tar.gz", hash = "sha256:09f67787f56a0b16ecdbde1bfc7f5d9c3371ca683cfeaa8e6ff60b4807ec9272"},
]

[package.extras]
dev = ["build", "hatch"]
doc = ["sphinx"]

[[package]]
name = "typing-extensions"
version = "4.13.0"
description = "Backported and Experimental Type Hints for Python 3.8+"
optional = false
python-versions = ">=3.8"
groups = ["main"]
markers = "python_version < \"3.11\""
files = [
    {file = "typing_extensions-4.13.0-py3-none-any.whl", hash = "sha256:c8dd92cc0d6425a97c18fbb9d1954e5ff92c1ca881a309c45f06ebc0b79058e5"},
    {file = "typing_extensions-4.13.0.tar.gz", hash = "sha256:0a4ac55a5820789d87e297727d229866c9650f6521b64206413c4fbada24d95b"},
]

[[package]]
name = "tzdata"
version = "2025.2"
description = "Provider of IANA time zone data"
optional = false
python-versions = ">=2"
groups = ["main"]
markers = "sys_platform == \"win32\""
files = [
    {file = "tzdata-2025.2-py2.py3-none-any.whl", hash = "sha256:1a403fada01ff9221ca8044d701868fa132215d84beb92242d9acd2147f667a8"},
    {file = "tzdata-2025.2.tar.gz", hash = "sha256:b60a638fcc0daffadf82fe0f57e53d06bdec2f36c4df66280ae79bce6bd6f2b9"},
]

[[package]]
name = "whitenoise"
version = "6.9.0"
description = "Radically simplified static file serving for WSGI applications"
optional = false
python-versions = ">=3.9"
groups = ["main"]
files = [
    {file = "whitenoise-6.9.0-py3-none-any.whl", hash = "sha256:c8a489049b7ee9889617bb4c274a153f3d979e8f51d2efd0f5b403caf41c57df"},
    {file = "whitenoise-6.9.0.tar.gz", hash = "sha256:8c4a7c9d384694990c26f3047e118c691557481d624f069b7f7752a2f735d609"},
]

[package.extras]
brotli = ["brotli"]

[metadata]
lock-version = "2.1"
python-versions = ">=3.10,<4.0"
content-hash = "77c4e8990ddf6d84d85d78334e7c3558ac33e92e1380b1c53347f2c74baee4dd"
